
Microsoft Visual Studio Solution File, Format Version 12.00
# Visual Studio Version 17
VisualStudioVersion = 17.6.33829.357
MinimumVisualStudioVersion = 10.0.40219.1
Project("{9A19103F-16F7-4668-BE54-9A1E7A4F7556}") = "OrderManagementAPI", "OrderManagementAPI\OrderManagementAPI.csproj", "{5B4639BD-8D8B-4133-A105-33C6AB7617FE}"
EndProject
Project("{FAE04EC0-301F-11D3-BF4B-00C04F79EFBC}") = "OrderManagementAPITests", "OrderManagementAPITests\OrderManagementAPITests.csproj", "{BFC16A09-F81B-4300-B708-96700EF886D4}"
EndProject
Global
	GlobalSection(SolutionConfigurationPlatforms) = preSolution
		Debug|Any CPU = Debug|Any CPU
		Release|Any CPU = Release|Any CPU
	EndGlobalSection
	GlobalSection(ProjectConfigurationPlatforms) = postSolution
		{5B4639BD-8D8B-4133-A105-33C6AB7617FE}.Debug|Any CPU.ActiveCfg = Debug|Any CPU
		{5B4639BD-8D8B-4133-A105-33C6AB7617FE}.Debug|Any CPU.Build.0 = Debug|Any CPU
		{5B4639BD-8D8B-4133-A105-33C6AB7617FE}.Release|Any CPU.ActiveCfg = Release|Any CPU
		{5B4639BD-8D8B-4133-A105-33C6AB7617FE}.Release|Any CPU.Build.0 = Release|Any CPU
		{BFC16A09-F81B-4300-B708-96700EF886D4}.Debug|Any CPU.ActiveCfg = Debug|Any CPU
		{BFC16A09-F81B-4300-B708-96700EF886D4}.Debug|Any CPU.Build.0 = Debug|Any CPU
		{BFC16A09-F81B-4300-B708-96700EF886D4}.Release|Any CPU.ActiveCfg = Release|Any CPU
		{BFC16A09-F81B-4300-B708-96700EF886D4}.Release|Any CPU.Build.0 = Release|Any CPU
	EndGlobalSection
	GlobalSection(SolutionProperties) = preSolution
		HideSolutionNode = FALSE
	EndGlobalSection
	GlobalSection(ExtensibilityGlobals) = postSolution
		SolutionGuid = {40D26FC7-9570-477C-94C0-E467D815BE40}
	EndGlobalSection
EndGlobal
